
Microsoft Visual Studio Solution File, Format Version 12.00
# Visual Studio Version 17
VisualStudioVersion = 17.0.31903.59
MinimumVisualStudioVersion = 10.0.40219.1
Project("{9A19103F-16F7-4668-BE54-9A1E7A4F7556}") = "ScreenSound.ConsoleApp", "ScreenSound\ScreenSound.ConsoleApp.csproj", "{A9CCE41C-6657-42BF-AED4-F3F578033037}"
EndProject
Project("{9A19103F-16F7-4668-BE54-9A1E7A4F7556}") = "ScreenSound.API", "ScreenSound.API\ScreenSound.API.csproj", "{E793EBCD-A2A6-4454-9815-C438103BD85D}"
EndProject
Project("{9A19103F-16F7-4668-BE54-9A1E7A4F7556}") = "ScreenSound.Shared.Data", "ScreenSound.Shared.Data\ScreenSound.Shared.Data.csproj", "{95EA8E84-181C-48DF-B2DA-C95F68BBDFA9}"
EndProject
Project("{9A19103F-16F7-4668-BE54-9A1E7A4F7556}") = "ScreenSound.Shared.Modelos", "ScreenSound.Shared.Modelos\ScreenSound.Shared.Modelos.csproj", "{5EEAB600-EBA2-4C32-A99E-B1E26C1F0457}"
EndProject
Global
	GlobalSection(SolutionConfigurationPlatforms) = preSolution
		Debug|Any CPU = Debug|Any CPU
		Release|Any CPU = Release|Any CPU
	EndGlobalSection
	GlobalSection(ProjectConfigurationPlatforms) = postSolution
		{A9CCE41C-6657-42BF-AED4-F3F578033037}.Debug|Any CPU.ActiveCfg = Debug|Any CPU
		{A9CCE41C-6657-42BF-AED4-F3F578033037}.Debug|Any CPU.Build.0 = Debug|Any CPU
		{A9CCE41C-6657-42BF-AED4-F3F578033037}.Release|Any CPU.ActiveCfg = Release|Any CPU
		{A9CCE41C-6657-42BF-AED4-F3F578033037}.Release|Any CPU.Build.0 = Release|Any CPU
		{E793EBCD-A2A6-4454-9815-C438103BD85D}.Debug|Any CPU.ActiveCfg = Debug|Any CPU
		{E793EBCD-A2A6-4454-9815-C438103BD85D}.Debug|Any CPU.Build.0 = Debug|Any CPU
		{E793EBCD-A2A6-4454-9815-C438103BD85D}.Release|Any CPU.ActiveCfg = Release|Any CPU
		{E793EBCD-A2A6-4454-9815-C438103BD85D}.Release|Any CPU.Build.0 = Release|Any CPU
		{95EA8E84-181C-48DF-B2DA-C95F68BBDFA9}.Debug|Any CPU.ActiveCfg = Debug|Any CPU
		{95EA8E84-181C-48DF-B2DA-C95F68BBDFA9}.Debug|Any CPU.Build.0 = Debug|Any CPU
		{95EA8E84-181C-48DF-B2DA-C95F68BBDFA9}.Release|Any CPU.ActiveCfg = Release|Any CPU
		{95EA8E84-181C-48DF-B2DA-C95F68BBDFA9}.Release|Any CPU.Build.0 = Release|Any CPU
		{5EEAB600-EBA2-4C32-A99E-B1E26C1F0457}.Debug|Any CPU.ActiveCfg = Debug|Any CPU
		{5EEAB600-EBA2-4C32-A99E-B1E26C1F0457}.Debug|Any CPU.Build.0 = Debug|Any CPU
		{5EEAB600-EBA2-4C32-A99E-B1E26C1F0457}.Release|Any CPU.ActiveCfg = Release|Any CPU
		{5EEAB600-EBA2-4C32-A99E-B1E26C1F0457}.Release|Any CPU.Build.0 = Release|Any CPU
	EndGlobalSection
	GlobalSection(SolutionProperties) = preSolution
		HideSolutionNode = FALSE
	EndGlobalSection
EndGlobal
